// !$*UTF8*$!
{
	archiveVersion = 1;
	classes = {
	};
	objectVersion = 54;
	objects = {

/* Begin PBXBuildFile section */
		058557BB273AAA24004C7B11 /* Assets.xcassets in Resources */ = {isa = PBXBuildFile; fileRef = 058557BA273AAA24004C7B11 /* Assets.xcassets */; };
		058557D9273AAEEB004C7B11 /* Preview Assets.xcassets in Resources */ = {isa = PBXBuildFile; fileRef = 058557D8273AAEEB004C7B11 /* Preview Assets.xcassets */; };
		2152FB042600AC8F00CF470E /* iOSApp.swift in Sources */ = {isa = PBXBuildFile; fileRef = 2152FB032600AC8F00CF470E /* iOSApp.swift */; };
		47947C9B2E967D0C00E83F07 /* FirebasePerformance in Frameworks */ = {isa = PBXBuildFile; productRef = 47947C9A2E967D0C00E83F07 /* FirebasePerformance */; };
		47947C9E2E9703CF00E83F07 /* NetworkMonitorWrapper.swift in Sources */ = {isa = PBXBuildFile; fileRef = 47947C9C2E9703CF00E83F07 /* NetworkMonitorWrapper.swift */; };
		47947C9F2E9703CF00E83F07 /* OfflineBanner.swift in Sources */ = {isa = PBXBuildFile; fileRef = 47947C9D2E9703CF00E83F07 /* OfflineBanner.swift */; };
		47947CA12E97085400E83F07 /* SwiftNetworkMonitor.swift in Sources */ = {isa = PBXBuildFile; fileRef = 47947CA02E97085400E83F07 /* SwiftNetworkMonitor.swift */; };
		47947CA32E97B27F00E83F07 /* RetryUtility.swift in Sources */ = {isa = PBXBuildFile; fileRef = 47947CA22E97B27F00E83F07 /* RetryUtility.swift */; };
		47AD6DD72E913C6100E65429 /* FirebaseCore in Frameworks */ = {isa = PBXBuildFile; productRef = 47AD6DD62E913C6100E65429 /* FirebaseCore */; };
		47B8CBD42E910434006C11B9 /* GoogleService-Info.plist in Resources */ = {isa = PBXBuildFile; fileRef = 47B8CBD32E910434006C11B9 /* GoogleService-Info.plist */; };
		47B8CBD72E91085D006C11B9 /* FirebaseAI in Frameworks */ = {isa = PBXBuildFile; productRef = 47B8CBD62E91085D006C11B9 /* FirebaseAI */; };
		47B8CBD92E91085D006C11B9 /* FirebaseAnalytics in Frameworks */ = {isa = PBXBuildFile; productRef = 47B8CBD82E91085D006C11B9 /* FirebaseAnalytics */; };
		47B8CBDB2E91085D006C11B9 /* FirebaseAnalyticsCore in Frameworks */ = {isa = PBXBuildFile; productRef = 47B8CBDA2E91085D006C11B9 /* FirebaseAnalyticsCore */; };
		47B8CBDD2E91085D006C11B9 /* FirebaseAnalyticsIdentitySupport in Frameworks */ = {isa = PBXBuildFile; productRef = 47B8CBDC2E91085D006C11B9 /* FirebaseAnalyticsIdentitySupport */; };
		47B8CBDF2E91085D006C11B9 /* FirebaseAppCheck in Frameworks */ = {isa = PBXBuildFile; productRef = 47B8CBDE2E91085D006C11B9 /* FirebaseAppCheck */; };
		47B8CBE12E911027006C11B9 /* FirebaseAuth in Frameworks */ = {isa = PBXBuildFile; productRef = 47B8CBE02E911027006C11B9 /* FirebaseAuth */; };
		47B8CBE32E911027006C11B9 /* FirebaseFirestore in Frameworks */ = {isa = PBXBuildFile; productRef = 47B8CBE22E911027006C11B9 /* FirebaseFirestore */; };
		47CBE7102E9F9D2700DC47AC /* FirebaseIOSBridge.swift in Sources */ = {isa = PBXBuildFile; fileRef = 47CBE70F2E9F9D2700DC47AC /* FirebaseIOSBridge.swift */; };
		47F18B062E92AEDC004AC447 /* ProfileTestView.swift in Sources */ = {isa = PBXBuildFile; fileRef = 47F18B052E92AEDC004AC447 /* ProfileTestView.swift */; };
		47F18B082E92B34A004AC447 /* SwiftUserProfileService.swift in Sources */ = {isa = PBXBuildFile; fileRef = 47F18B072E92B34A004AC447 /* SwiftUserProfileService.swift */; };
		47F18B0A2E92BB52004AC447 /* DailyLogTestView.swift in Sources */ = {isa = PBXBuildFile; fileRef = 47F18B092E92BB52004AC447 /* DailyLogTestView.swift */; };
		47F18B0C2E92BC09004AC447 /* SwiftDailyLogService.swift in Sources */ = {isa = PBXBuildFile; fileRef = 47F18B0B2E92BC09004AC447 /* SwiftDailyLogService.swift */; };
		47F18B0E2E92F15D004AC447 /* FirebaseCrashlytics in Frameworks */ = {isa = PBXBuildFile; productRef = 47F18B0D2E92F15D004AC447 /* FirebaseCrashlytics */; };
		47F18B142E92F9D6004AC447 /* SwiftAnalyticsService.swift in Sources */ = {isa = PBXBuildFile; fileRef = 47F18B112E92F9D6004AC447 /* SwiftAnalyticsService.swift */; };
		47F18B152E92F9D6004AC447 /* SwiftAuthService.swift in Sources */ = {isa = PBXBuildFile; fileRef = 47F18B122E92F9D6004AC447 /* SwiftAuthService.swift */; };
		47F18B162E92F9D6004AC447 /* SwiftCrashlyticsService.swift in Sources */ = {isa = PBXBuildFile; fileRef = 47F18B132E92F9D6004AC447 /* SwiftCrashlyticsService.swift */; };
		47F18B182E92FD2B004AC447 /* CrashlyticsTestView.swift in Sources */ = {isa = PBXBuildFile; fileRef = 47F18B172E92FD2B004AC447 /* CrashlyticsTestView.swift */; };
		47F18B1A2E9400AA004AC447 /* SwiftPerformanceService.swift in Sources */ = {isa = PBXBuildFile; fileRef = 47F18B192E9400AA004AC447 /* SwiftPerformanceService.swift */; };
		7555FF83242A565900829871 /* ContentView.swift in Sources */ = {isa = PBXBuildFile; fileRef = 7555FF82242A565900829871 /* ContentView.swift */; };
		A1111111111111111111111A /* DIContainer.swift in Sources */ = {isa = PBXBuildFile; fileRef = B1111111111111111111111B /* DIContainer.swift */; };
		A2222222222222222222222A /* DateExtensions.swift in Sources */ = {isa = PBXBuildFile; fileRef = B2222222222222222222222B /* DateExtensions.swift */; };
		A3333333333333333333333A /* StateFlowExtensions.swift in Sources */ = {isa = PBXBuildFile; fileRef = B3333333333333333333333B /* StateFlowExtensions.swift */; };
		A4444444444444444444444A /* ViewModelWrapper.swift in Sources */ = {isa = PBXBuildFile; fileRef = B4444444444444444444444B /* ViewModelWrapper.swift */; };
		A5555555555555555555555A /* MainTabView.swift in Sources */ = {isa = PBXBuildFile; fileRef = B5555555555555555555555B /* MainTabView.swift */; };
		A6666666666666666666666A /* OnboardingFlow.swift in Sources */ = {isa = PBXBuildFile; fileRef = B6666666666666666666666B /* OnboardingFlow.swift */; };
		A8888888888888888888888A /* CalendarView.swift in Sources */ = {isa = PBXBuildFile; fileRef = B8888888888888888888888B /* CalendarView.swift */; };
		A9999999999999999999999A /* InsightsView.swift in Sources */ = {isa = PBXBuildFile; fileRef = B9999999999999999999999B /* InsightsView.swift */; };
		AAAAAAAAAAAAAAAAAAAAAA1A /* SettingsView.swift in Sources */ = {isa = PBXBuildFile; fileRef = BBBBBBBBBBBBBBBBBBBBBB1B /* SettingsView.swift */; };
		AAAAAAAAAAAAAAAAAAAAAA2A /* AccessibilityIdentifiers.swift in Sources */ = {isa = PBXBuildFile; fileRef = BBBBBBBBBBBBBBBBBBBBBB2B /* AccessibilityIdentifiers.swift */; };
		AAAAAAAAAAAAAAAAAAAAAA3A /* SemanticColors.swift in Sources */ = {isa = PBXBuildFile; fileRef = BBBBBBBBBBBBBBBBBBBBBB3B /* SemanticColors.swift */; };
		AAAAAAAAAAAAAAAAAAAAAA4A /* ColorContrastValidator.swift in Sources */ = {isa = PBXBuildFile; fileRef = BBBBBBBBBBBBBBBBBBBBBB4B /* ColorContrastValidator.swift */; };
		AAAAAAAAAAAAAAAAAAAAAA5A /* DailyLoggingView.swift in Sources */ = {isa = PBXBuildFile; fileRef = BBBBBBBBBBBBBBBBBBBBBB5B /* DailyLoggingView.swift */; };
		AAAAAAAAAAAAAAAAAAAAAA6A /* DailyLoggingComponents.swift in Sources */ = {isa = PBXBuildFile; fileRef = BBBBBBBBBBBBBBBBBBBBBB6B /* DailyLoggingComponents.swift */; };
		AAAAAAAAAAAAAAAAAAAAAA7A /* ModernDailyLoggingViewModel.swift in Sources */ = {isa = PBXBuildFile; fileRef = BBBBBBBBBBBBBBBBBBBBBB7B /* ModernDailyLoggingViewModel.swift */; };
		AAAAAAAAAAAAAAAAAAAAAA8A /* CustomTextFieldStyle.swift in Sources */ = {isa = PBXBuildFile; fileRef = BBBBBBBBBBBBBBBBBBBBBB8B /* CustomTextFieldStyle.swift */; };
		AAAAAAAAAAAAAAAAAAAAAA9A /* DailyLoggingViewModelService.swift in Sources */ = {isa = PBXBuildFile; fileRef = BBBBBBBBBBBBBBBBBBBBBB9B /* DailyLoggingViewModelService.swift */; };
		F1111111111111111111111F /* shared.framework in Frameworks */ = {isa = PBXBuildFile; fileRef = F2222222222222222222222F /* shared.framework */; settings = {ATTRIBUTES = (Required, ); }; };
/* End PBXBuildFile section */

/* Begin PBXFileReference section */
		058557BA273AAA24004C7B11 /* Assets.xcassets */ = {isa = PBXFileReference; lastKnownFileType = folder.assetcatalog; path = Assets.xcassets; sourceTree = "<group>"; };
		058557D8273AAEEB004C7B11 /* Preview Assets.xcassets */ = {isa = PBXFileReference; lastKnownFileType = folder.assetcatalog; path = "Preview Assets.xcassets"; sourceTree = "<group>"; };
		2152FB032600AC8F00CF470E /* iOSApp.swift */ = {isa = PBXFileReference; lastKnownFileType = sourcecode.swift; path = iOSApp.swift; sourceTree = "<group>"; };
		47947C9C2E9703CF00E83F07 /* NetworkMonitorWrapper.swift */ = {isa = PBXFileReference; lastKnownFileType = sourcecode.swift; name = NetworkMonitorWrapper.swift; path = Views/Components/NetworkMonitorWrapper.swift; sourceTree = "<group>"; };
		47947C9D2E9703CF00E83F07 /* OfflineBanner.swift */ = {isa = PBXFileReference; lastKnownFileType = sourcecode.swift; name = OfflineBanner.swift; path = Views/Components/OfflineBanner.swift; sourceTree = "<group>"; };
		47947CA02E97085400E83F07 /* SwiftNetworkMonitor.swift */ = {isa = PBXFileReference; lastKnownFileType = sourcecode.swift; name = SwiftNetworkMonitor.swift; path = Services/SwiftNetworkMonitor.swift; sourceTree = "<group>"; };
		47947CA22E97B27F00E83F07 /* RetryUtility.swift */ = {isa = PBXFileReference; lastKnownFileType = sourcecode.swift; name = RetryUtility.swift; path = Utils/RetryUtility.swift; sourceTree = "<group>"; };
		47B8CBD32E910434006C11B9 /* GoogleService-Info.plist */ = {isa = PBXFileReference; lastKnownFileType = text.plist.xml; path = "GoogleService-Info.plist"; sourceTree = "<group>"; };
		47CBE70F2E9F9D2700DC47AC /* FirebaseIOSBridge.swift */ = {isa = PBXFileReference; lastKnownFileType = sourcecode.swift; name = FirebaseIOSBridge.swift; path = Services/FirebaseIOSBridge.swift; sourceTree = "<group>"; };
		47F18B052E92AEDC004AC447 /* ProfileTestView.swift */ = {isa = PBXFileReference; lastKnownFileType = sourcecode.swift; name = ProfileTestView.swift; path = Views/ProfileTestView.swift; sourceTree = "<group>"; };
		47F18B072E92B34A004AC447 /* SwiftUserProfileService.swift */ = {isa = PBXFileReference; lastKnownFileType = sourcecode.swift; name = SwiftUserProfileService.swift; path = Services/SwiftUserProfileService.swift; sourceTree = "<group>"; };
		47F18B092E92BB52004AC447 /* DailyLogTestView.swift */ = {isa = PBXFileReference; lastKnownFileType = sourcecode.swift; name = DailyLogTestView.swift; path = Views/DailyLogTestView.swift; sourceTree = "<group>"; };
		47F18B0B2E92BC09004AC447 /* SwiftDailyLogService.swift */ = {isa = PBXFileReference; lastKnownFileType = sourcecode.swift; name = SwiftDailyLogService.swift; path = Services/SwiftDailyLogService.swift; sourceTree = "<group>"; };
		47F18B112E92F9D6004AC447 /* SwiftAnalyticsService.swift */ = {isa = PBXFileReference; lastKnownFileType = sourcecode.swift; name = SwiftAnalyticsService.swift; path = Services/SwiftAnalyticsService.swift; sourceTree = "<group>"; };
		47F18B122E92F9D6004AC447 /* SwiftAuthService.swift */ = {isa = PBXFileReference; lastKnownFileType = sourcecode.swift; name = SwiftAuthService.swift; path = Services/SwiftAuthService.swift; sourceTree = "<group>"; };
		47F18B132E92F9D6004AC447 /* SwiftCrashlyticsService.swift */ = {isa = PBXFileReference; lastKnownFileType = sourcecode.swift; name = SwiftCrashlyticsService.swift; path = Services/SwiftCrashlyticsService.swift; sourceTree = "<group>"; };
		47F18B172E92FD2B004AC447 /* CrashlyticsTestView.swift */ = {isa = PBXFileReference; lastKnownFileType = sourcecode.swift; name = CrashlyticsTestView.swift; path = Views/CrashlyticsTestView.swift; sourceTree = "<group>"; };
		47F18B192E9400AA004AC447 /* SwiftPerformanceService.swift */ = {isa = PBXFileReference; lastKnownFileType = sourcecode.swift; name = SwiftPerformanceService.swift; path = Services/SwiftPerformanceService.swift; sourceTree = "<group>"; };
		7555FF7B242A565900829871 /* Eunio Health.app */ = {isa = PBXFileReference; explicitFileType = wrapper.application; includeInIndex = 0; path = "Eunio Health.app"; sourceTree = BUILT_PRODUCTS_DIR; };
		7555FF82242A565900829871 /* ContentView.swift */ = {isa = PBXFileReference; lastKnownFileType = sourcecode.swift; path = ContentView.swift; sourceTree = "<group>"; };
		7555FF8C242A565B00829871 /* Info.plist */ = {isa = PBXFileReference; lastKnownFileType = text.plist.xml; path = Info.plist; sourceTree = "<group>"; };
		B1111111111111111111111B /* DIContainer.swift */ = {isa = PBXFileReference; lastKnownFileType = sourcecode.swift; name = DIContainer.swift; path = Core/DIContainer.swift; sourceTree = "<group>"; };
		B2222222222222222222222B /* DateExtensions.swift */ = {isa = PBXFileReference; lastKnownFileType = sourcecode.swift; name = DateExtensions.swift; path = Extensions/DateExtensions.swift; sourceTree = "<group>"; };
		B3333333333333333333333B /* StateFlowExtensions.swift */ = {isa = PBXFileReference; lastKnownFileType = sourcecode.swift; name = StateFlowExtensions.swift; path = Extensions/StateFlowExtensions.swift; sourceTree = "<group>"; };
		B4444444444444444444444B /* ViewModelWrapper.swift */ = {isa = PBXFileReference; lastKnownFileType = sourcecode.swift; name = ViewModelWrapper.swift; path = ViewModels/ViewModelWrapper.swift; sourceTree = "<group>"; };
		B5555555555555555555555B /* MainTabView.swift */ = {isa = PBXFileReference; lastKnownFileType = sourcecode.swift; name = MainTabView.swift; path = Views/MainTabView.swift; sourceTree = "<group>"; };
		B6666666666666666666666B /* OnboardingFlow.swift */ = {isa = PBXFileReference; lastKnownFileType = sourcecode.swift; name = OnboardingFlow.swift; path = Views/Onboarding/OnboardingFlow.swift; sourceTree = "<group>"; };
		B8888888888888888888888B /* CalendarView.swift */ = {isa = PBXFileReference; lastKnownFileType = sourcecode.swift; name = CalendarView.swift; path = Views/Calendar/CalendarView.swift; sourceTree = "<group>"; };
		B9999999999999999999999B /* InsightsView.swift */ = {isa = PBXFileReference; lastKnownFileType = sourcecode.swift; name = InsightsView.swift; path = Views/Insights/InsightsView.swift; sourceTree = "<group>"; };
		BBBBBBBBBBBBBBBBBBBBBB1B /* SettingsView.swift */ = {isa = PBXFileReference; lastKnownFileType = sourcecode.swift; name = SettingsView.swift; path = Views/Settings/SettingsView.swift; sourceTree = "<group>"; };
		BBBBBBBBBBBBBBBBBBBBBB2B /* AccessibilityIdentifiers.swift */ = {isa = PBXFileReference; lastKnownFileType = sourcecode.swift; name = AccessibilityIdentifiers.swift; path = Core/Accessibility/AccessibilityIdentifiers.swift; sourceTree = "<group>"; };
		BBBBBBBBBBBBBBBBBBBBBB3B /* SemanticColors.swift */ = {isa = PBXFileReference; lastKnownFileType = sourcecode.swift; name = SemanticColors.swift; path = Core/Theme/SemanticColors.swift; sourceTree = "<group>"; };
		BBBBBBBBBBBBBBBBBBBBBB4B /* ColorContrastValidator.swift */ = {isa = PBXFileReference; lastKnownFileType = sourcecode.swift; name = ColorContrastValidator.swift; path = Core/Accessibility/ColorContrastValidator.swift; sourceTree = "<group>"; };
		BBBBBBBBBBBBBBBBBBBBBB5B /* DailyLoggingView.swift */ = {isa = PBXFileReference; lastKnownFileType = sourcecode.swift; name = DailyLoggingView.swift; path = Views/Logging/DailyLoggingView.swift; sourceTree = "<group>"; };
		BBBBBBBBBBBBBBBBBBBBBB6B /* DailyLoggingComponents.swift */ = {isa = PBXFileReference; lastKnownFileType = sourcecode.swift; name = DailyLoggingComponents.swift; path = Views/Logging/DailyLoggingComponents.swift; sourceTree = "<group>"; };
		BBBBBBBBBBBBBBBBBBBBBB7B /* ModernDailyLoggingViewModel.swift */ = {isa = PBXFileReference; lastKnownFileType = sourcecode.swift; name = ModernDailyLoggingViewModel.swift; path = ViewModels/ModernDailyLoggingViewModel.swift; sourceTree = "<group>"; };
		BBBBBBBBBBBBBBBBBBBBBB8B /* CustomTextFieldStyle.swift */ = {isa = PBXFileReference; lastKnownFileType = sourcecode.swift; name = CustomTextFieldStyle.swift; path = Core/Theme/CustomTextFieldStyle.swift; sourceTree = "<group>"; };
		BBBBBBBBBBBBBBBBBBBBBB9B /* DailyLoggingViewModelService.swift */ = {isa = PBXFileReference; lastKnownFileType = sourcecode.swift; name = DailyLoggingViewModelService.swift; path = Services/DailyLoggingViewModelService.swift; sourceTree = "<group>"; };
		F2222222222222222222222F /* shared.framework */ = {isa = PBXFileReference; lastKnownFileType = wrapper.framework; name = shared.framework; path = ../shared/build/bin/iosSimulatorArm64/debugFramework/shared.framework; sourceTree = "<group>"; };


/* Begin PBXFrameworksBuildPhase section */
		7555FF78242A565900829871 /* Frameworks */ = {
			isa = PBXFrameworksBuildPhase;
			buildActionMask = 2147483647;
			files = (
				47947C9B2E967D0C00E83F07 /* FirebasePerformance in Frameworks */,
				F1111111111111111111111F /* shared.framework in Frameworks */,
				47B8CBDD2E91085D006C11B9 /* FirebaseAnalyticsIdentitySupport in Frameworks */,
				47B8CBD72E91085D006C11B9 /* FirebaseAI in Frameworks */,
				47B8CBD92E91085D006C11B9 /* FirebaseAnalytics in Frameworks */,
				47B8CBDF2E91085D006C11B9 /* FirebaseAppCheck in Frameworks */,
				47B8CBE32E911027006C11B9 /* FirebaseFirestore in Frameworks */,
				47B8CBE12E911027006C11B9 /* FirebaseAuth in Frameworks */,
				47F18B0E2E92F15D004AC447 /* FirebaseCrashlytics in Frameworks */,
				47AD6DD72E913C6100E65429 /* FirebaseCore in Frameworks */,
				47B8CBDB2E91085D006C11B9 /* FirebaseAnalyticsCore in Frameworks */,
			);
			runOnlyForDeploymentPostprocessing = 0;
		};
/* End PBXFrameworksBuildPhase section */

/* Begin PBXGroup section */
		058557D7273AAEEB004C7B11 /* Preview Content */ = {
			isa = PBXGroup;
			children = (
				058557D8273AAEEB004C7B11 /* Preview Assets.xcassets */,
			);
			path = "Preview Content";
			sourceTree = "<group>";
		};
		7555FF72242A565900829871 = {
			isa = PBXGroup;
			children = (
				7555FF7D242A565900829871 /* iosApp */,
				7555FF7C242A565900829871 /* Products */,
				F3333333333333333333333F /* Frameworks */,
			);
			sourceTree = "<group>";
			usesTabs = 0;
		};
		7555FF7C242A565900829871 /* Products */ = {
			isa = PBXGroup;
			children = (
				7555FF7B242A565900829871 /* Eunio Health.app */,
			);
			name = Products;
			sourceTree = "<group>";
		};
		7555FF7D242A565900829871 /* iosApp */ = {
			isa = PBXGroup;
			children = (
				47CBE70F2E9F9D2700DC47AC /* FirebaseIOSBridge.swift */,
				47947CA22E97B27F00E83F07 /* RetryUtility.swift */,
				058557BA273AAA24004C7B11 /* Assets.xcassets */,
				7555FF82242A565900829871 /* ContentView.swift */,
				7555FF8C242A565B00829871 /* Info.plist */,
				47947CA02E97085400E83F07 /* SwiftNetworkMonitor.swift */,
				47947C9C2E9703CF00E83F07 /* NetworkMonitorWrapper.swift */,
				47947C9D2E9703CF00E83F07 /* OfflineBanner.swift */,
				47F18B172E92FD2B004AC447 /* CrashlyticsTestView.swift */,
				47F18B112E92F9D6004AC447 /* SwiftAnalyticsService.swift */,
				47F18B122E92F9D6004AC447 /* SwiftAuthService.swift */,
				47F18B132E92F9D6004AC447 /* SwiftCrashlyticsService.swift */,
				47F18B192E9400AA004AC447 /* SwiftPerformanceService.swift */,
				47F18B0B2E92BC09004AC447 /* SwiftDailyLogService.swift */,
				47F18B092E92BB52004AC447 /* DailyLogTestView.swift */,
				47F18B072E92B34A004AC447 /* SwiftUserProfileService.swift */,
				47F18B052E92AEDC004AC447 /* ProfileTestView.swift */,
				2152FB032600AC8F00CF470E /* iOSApp.swift */,
				B1111111111111111111111B /* DIContainer.swift */,
				B2222222222222222222222B /* DateExtensions.swift */,
				B3333333333333333333333B /* StateFlowExtensions.swift */,
				B4444444444444444444444B /* ViewModelWrapper.swift */,
				B5555555555555555555555B /* MainTabView.swift */,
				B6666666666666666666666B /* OnboardingFlow.swift */,
				B8888888888888888888888B /* CalendarView.swift */,
				B9999999999999999999999B /* InsightsView.swift */,
				BBBBBBBBBBBBBBBBBBBBBB1B /* SettingsView.swift */,
				BBBBBBBBBBBBBBBBBBBBBB2B /* AccessibilityIdentifiers.swift */,
				BBBBBBBBBBBBBBBBBBBBBB3B /* SemanticColors.swift */,
				BBBBBBBBBBBBBBBBBBBBBB4B /* ColorContrastValidator.swift */,
				BBBBBBBBBBBBBBBBBBBBBB5B /* DailyLoggingView.swift */,
				BBBBBBBBBBBBBBBBBBBBBB6B /* DailyLoggingComponents.swift */,
				BBBBBBBBBBBBBBBBBBBBBB7B /* ModernDailyLoggingViewModel.swift */,
				BBBBBBBBBBBBBBBBBBBBBB8B /* CustomTextFieldStyle.swift */,
				BBBBBBBBBBBBBBBBBBBBBB9B /* DailyLoggingViewModelService.swift */,
				47B8CBD32E910434006C11B9 /* GoogleService-Info.plist */,
				058557D7273AAEEB004C7B11 /* Preview Content */,
			);
			path = iosApp;
			sourceTree = "<group>";
		};
		F3333333333333333333333F /* Frameworks */ = {
			isa = PBXGroup;
			children = (
				F2222222222222222222222F /* shared.framework */,
			);
			name = Frameworks;
			sourceTree = "<group>";
		};
/* End PBXGroup section */

/* Begin PBXNativeTarget section */
		7555FF7A242A565900829871 /* iosApp */ = {
			isa = PBXNativeTarget;
			buildConfigurationList = 7555FF8F242A565B00829871 /* Build configuration list for PBXNativeTarget "iosApp" */;
			buildPhases = (
				C1111111111111111111111C /* Build Shared Framework */,
				7555FF77242A565900829871 /* Sources */,
				7555FF78242A565900829871 /* Frameworks */,
				7555FF79242A565900829871 /* Resources */,
				47F18B192E9300B3004AC447 /* Upload dSYMs to Crashlytics */,
			);
			buildRules = (
			);
			dependencies = (
			);
			name = iosApp;
			productName = iosApp;
			productReference = 7555FF7B242A565900829871 /* Eunio Health.app */;
			productType = "com.apple.product-type.application";
		};
/* End PBXNativeTarget section */

/* Begin PBXProject section */
		7555FF73242A565900829871 /* Project object */ = {
			isa = PBXProject;
			attributes = {
				LastSwiftUpdateCheck = 1130;
				LastUpgradeCheck = 1130;
				ORGANIZATIONNAME = orgName;
				TargetAttributes = {
					7555FF7A242A565900829871 = {
						CreatedOnToolsVersion = 11.3.1;
					};
				};
			};
			buildConfigurationList = 7555FF76242A565900829871 /* Build configuration list for PBXProject "iosApp" */;
			compatibilityVersion = "Xcode 9.3";
			developmentRegion = en;
			hasScannedForEncodings = 0;
			knownRegions = (
				en,
				Base,
			);
			mainGroup = 7555FF72242A565900829871;
			packageReferences = (
				47B8CBD52E91085D006C11B9 /* XCRemoteSwiftPackageReference "firebase-ios-sdk" */,
			);
			productRefGroup = 7555FF7C242A565900829871 /* Products */;
			projectDirPath = "";
			projectRoot = "";
			targets = (
				7555FF7A242A565900829871 /* iosApp */,
			);
		};
/* End PBXProject section */

/* Begin PBXResourcesBuildPhase section */
		7555FF79242A565900829871 /* Resources */ = {
			isa = PBXResourcesBuildPhase;
			buildActionMask = 2147483647;
			files = (
				058557D9273AAEEB004C7B11 /* Preview Assets.xcassets in Resources */,
				058557BB273AAA24004C7B11 /* Assets.xcassets in Resources */,
				47B8CBD42E910434006C11B9 /* GoogleService-Info.plist in Resources */,
			
			runOnlyForDeploymentPostprocessing = 0;
		};
/* End PBXResourcesBuildPhase section */

/* Begin PBXShellScriptBuildPhase section */
		47F18B192E9300B3004AC447 /* Upload dSYMs to Crashlytics */ = {
			isa = PBXShellScriptBuildPhase;
			buildActionMask = 2147483647;
			files = (
			);
			inputFileListPaths = (
			);
			inputPaths = (
			);
			name = "Upload dSYMs to Crashlytics";
			outputFileListPaths = (
			);
			outputPaths = (
			);
			runOnlyForDeploymentPostprocessing = 0;
			shellPath = /bin/sh;
			shellScript = "#!/bin/sh\n\n# Type a script or drag a script file from your workspace to insert its path.\n# This script uploads dSYM files to Firebase Crashlytics for crash symbolication\n\n# Only upload dSYMs if they exist (skip for simulator builds)\nif [ -z \"${DWARF_DSYM_FOLDER_PATH}\" ] || [ ! -d \"${DWARF_DSYM_FOLDER_PATH}\" ]; then\n    echo \"No dSYM folder found - skipping upload (this is normal for simulator builds)\"\n    exit 0\nfi\n\necho \"Looking for Crashlytics upload script...\"\n\n# Try to find the upload script\nUPLOAD_SCRIPT=\"${BUILD_DIR%Build/*}SourcePackages/checkouts/firebase-ios-sdk/Crashlytics/run\"\n\nif [ -f \"$UPLOAD_SCRIPT\" ]; then\n    echo \"Found upload script, uploading dSYMs...\"\n    \"$UPLOAD_SCRIPT\" -gsp \"${PROJECT_DIR}/iosApp/GoogleService-Info.plist\" -p ios \"${DWARF_DSYM_FOLDER_PATH}/${DWARF_DSYM_FILE_NAME}\" || echo \"Upload failed but continuing\"\nelse\n    echo \"Upload script not found - dSYMs will need manual upload\"\nfi\n\nexit 0\n";
		};
		C1111111111111111111111C /* Build Shared Framework */ = {
			isa = PBXShellScriptBuildPhase;
			buildActionMask = 2147483647;
			files = (
			);
			inputFileListPaths = (
			);
			inputPaths = (
			);
			name = "Build Shared Framework";
			outputFileListPaths = (
			);
			outputPaths = (
			);
			runOnlyForDeploymentPostprocessing = 0;
			shellPath = /bin/sh;
			shellScript = "#!/bin/sh\nset -e\n\ncd \"$SRCROOT/..\"\n\n# Determine the correct architecture and configuration\nif [ \"$PLATFORM_NAME\" = \"iphonesimulator\" ]; then\n    if [ \"$ARCHS\" = \"arm64\" ]; then\n        ARCH=\"iosSimulatorArm64\"\n    else\n        ARCH=\"iosX64\"\n    fi\nelse\n    ARCH=\"iosArm64\"\nfi\n\necho \"Building shared framework for $ARCH with configuration $CONFIGURATION\"\n\n# Build the appropriate framework\n./gradlew :shared:embedAndSignAppleFrameworkForXcode -Pconfiguration=\"$CONFIGURATION\" -Parch=\"$ARCH\"\n";
		};
/* End PBXShellScriptBuildPhase section */

/* Begin PBXSourcesBuildPhase section */
		7555FF77242A565900829871 /* Sources */ = {
			isa = PBXSourcesBuildPhase;
			buildActionMask = 2147483647;
			files = (
				2152FB042600AC8F00CF470E /* iOSApp.swift in Sources */,
				47F18B0C2E92BC09004AC447 /* SwiftDailyLogService.swift in Sources */,
				47F18B082E92B34A004AC447 /* SwiftUserProfileService.swift in Sources */,
				7555FF83242A565900829871 /* ContentView.swift in Sources */,
				47F18B142E92F9D6004AC447 /* SwiftAnalyticsService.swift in Sources */,
				47F18B152E92F9D6004AC447 /* SwiftAuthService.swift in Sources */,
				47F18B162E92F9D6004AC447 /* SwiftCrashlyticsService.swift in Sources */,
				47F18B1A2E9400AA004AC447 /* SwiftPerformanceService.swift in Sources */,
				A1111111111111111111111A /* DIContainer.swift in Sources */,
				A2222222222222222222222A /* DateExtensions.swift in Sources */,
				47F18B062E92AEDC004AC447 /* ProfileTestView.swift in Sources */,
				A3333333333333333333333A /* StateFlowExtensions.swift in Sources */,
				47F18B182E92FD2B004AC447 /* CrashlyticsTestView.swift in Sources */,
				47947CA12E97085400E83F07 /* SwiftNetworkMonitor.swift in Sources */,
				47947C9E2E9703CF00E83F07 /* NetworkMonitorWrapper.swift in Sources */,
				47947C9F2E9703CF00E83F07 /* OfflineBanner.swift in Sources */,
				A4444444444444444444444A /* ViewModelWrapper.swift in Sources */,
				A5555555555555555555555A /* MainTabView.swift in Sources */,
				A6666666666666666666666A /* OnboardingFlow.swift in Sources */,
				A8888888888888888888888A /* CalendarView.swift in Sources */,
				A9999999999999999999999A /* InsightsView.swift in Sources */,
				AAAAAAAAAAAAAAAAAAAAAA1A /* SettingsView.swift in Sources */,
				AAAAAAAAAAAAAAAAAAAAAA2A /* AccessibilityIdentifiers.swift in Sources */,
				47947CA32E97B27F00E83F07 /* RetryUtility.swift in Sources */,
				AAAAAAAAAAAAAAAAAAAAAA3A /* SemanticColors.swift in Sources */,
				AAAAAAAAAAAAAAAAAAAAAA4A /* ColorContrastValidator.swift in Sources */,
				AAAAAAAAAAAAAAAAAAAAAA5A /* DailyLoggingView.swift in Sources */,
				47F18B0A2E92BB52004AC447 /* DailyLogTestView.swift in Sources */,
				47CBE7102E9F9D2700DC47AC /* FirebaseIOSBridge.swift in Sources */,
				AAAAAAAAAAAAAAAAAAAAAA6A /* DailyLoggingComponents.swift in Sources */,
				AAAAAAAAAAAAAAAAAAAAAA7A /* ModernDailyLoggingViewModel.swift in Sources */,
				AAAAAAAAAAAAAAAAAAAAAA8A /* CustomTextFieldStyle.swift in Sources */,
				AAAAAAAAAAAAAAAAAAAAAA9A /* DailyLoggingViewModelService.swift in Sources */,
			);
			runOnlyForDeploymentPostprocessing = 0;
		};
/* End PBXSourcesBuildPhase section */

/* Begin XCBuildConfiguration section */
		7555FF8D242A565B00829871 /* Debug */ = {
			isa = XCBuildConfiguration;
			buildSettings = {
				ALWAYS_SEARCH_USER_PATHS = NO;
				CLANG_ANALYZER_NONNULL = YES;
				CLANG_ANALYZER_NUMBER_OBJECT_CONVERSION = YES_AGGRESSIVE;
				CLANG_CXX_LANGUAGE_STANDARD = "gnu++14";
				CLANG_CXX_LIBRARY = "libc++";
				CLANG_ENABLE_MODULES = YES;
				CLANG_ENABLE_OBJC_ARC = YES;
				CLANG_ENABLE_OBJC_WEAK = YES;
				CLANG_WARN_BLOCK_CAPTURE_AUTORELEASING = YES;
				CLANG_WARN_BOOL_CONVERSION = YES;
				CLANG_WARN_COMMA = YES;
				CLANG_WARN_CONSTANT_CONVERSION = YES;
				CLANG_WARN_DEPRECATED_OBJC_IMPLEMENTATIONS = YES;
				CLANG_WARN_DIRECT_OBJC_ISA_USAGE = YES_ERROR;
				CLANG_WARN_DOCUMENTATION_COMMENTS = YES;
				CLANG_WARN_EMPTY_BODY = YES;
				CLANG_WARN_ENUM_CONVERSION = YES;
				CLANG_WARN_INFINITE_RECURSION = YES;
				CLANG_WARN_INT_CONVERSION = YES;
				CLANG_WARN_NON_LITERAL_NULL_CONVERSION = YES;
				CLANG_WARN_OBJC_IMPLICIT_RETAIN_SELF = YES;
				CLANG_WARN_OBJC_LITERAL_CONVERSION = YES;
				CLANG_WARN_OBJC_ROOT_CLASS = YES_ERROR;
				CLANG_WARN_QUOTED_INCLUDE_IN_FRAMEWORK_HEADER = YES;
				CLANG_WARN_RANGE_LOOP_ANALYSIS = YES;
				CLANG_WARN_STRICT_PROTOTYPES = YES;
				CLANG_WARN_SUSPICIOUS_MOVE = YES;
				CLANG_WARN_UNGUARDED_AVAILABILITY = YES_AGGRESSIVE;
				CLANG_WARN_UNREACHABLE_CODE = YES;
				CLANG_WARN__DUPLICATE_METHOD_MATCH = YES;
				COPY_PHASE_STRIP = NO;
				DEBUG_INFORMATION_FORMAT = "dwarf-with-dsym";
				ENABLE_STRICT_OBJC_MSGSEND = YES;
				ENABLE_TESTABILITY = YES;
				FRAMEWORK_SEARCH_PATHS = (
					"$(inherited)",
					"$(PROJECT_DIR)/../shared/build/bin/iosSimulatorArm64/debugFramework",
					"$(PROJECT_DIR)/../shared/build/bin/iosArm64/debugFramework",
					"$(PROJECT_DIR)/../shared/build/bin/iosX64/debugFramework",
				);
				GCC_C_LANGUAGE_STANDARD = gnu11;
				GCC_DYNAMIC_NO_PIC = NO;
				GCC_NO_COMMON_BLOCKS = YES;
				GCC_OPTIMIZATION_LEVEL = 0;
				GCC_PREPROCESSOR_DEFINITIONS = (
					"DEBUG=1",
					"$(inherited)",
					"HEALTH_APP=1",
				);
				GCC_WARN_64_TO_32_BIT_CONVERSION = YES;
				GCC_WARN_ABOUT_RETURN_TYPE = YES_ERROR;
				GCC_WARN_UNDECLARED_SELECTOR = YES;
				GCC_WARN_UNINITIALIZED_AUTOS = YES_AGGRESSIVE;
				GCC_WARN_UNUSED_FUNCTION = YES;
				GCC_WARN_UNUSED_VARIABLE = YES;
				IPHONEOS_DEPLOYMENT_TARGET = 15.0;
				MTL_ENABLE_DEBUG_INFO = INCLUDE_SOURCE;
				MTL_FAST_MATH = YES;
				ONLY_ACTIVE_ARCH = YES;
				SDKROOT = iphoneos;
				SWIFT_ACTIVE_COMPILATION_CONDITIONS = DEBUG;
				SWIFT_OPTIMIZATION_LEVEL = "-Onone";
			};
			name = Debug;
		};
		7555FF8E242A565B00829871 /* Release */ = {
			isa = XCBuildConfiguration;
			buildSettings = {
				ALWAYS_SEARCH_USER_PATHS = NO;
				CLANG_ANALYZER_NONNULL = YES;
				CLANG_ANALYZER_NUMBER_OBJECT_CONVERSION = YES_AGGRESSIVE;
				CLANG_CXX_LANGUAGE_STANDARD = "gnu++14";
				CLANG_CXX_LIBRARY = "libc++";
				CLANG_ENABLE_MODULES = YES;
				CLANG_ENABLE_OBJC_ARC = YES;
				CLANG_ENABLE_OBJC_WEAK = YES;
				CLANG_WARN_BLOCK_CAPTURE_AUTORELEASING = YES;
				CLANG_WARN_BOOL_CONVERSION = YES;
				CLANG_WARN_COMMA = YES;
				CLANG_WARN_CONSTANT_CONVERSION = YES;
				CLANG_WARN_DEPRECATED_OBJC_IMPLEMENTATIONS = YES;
				CLANG_WARN_DIRECT_OBJC_ISA_USAGE = YES_ERROR;
				CLANG_WARN_DOCUMENTATION_COMMENTS = YES;
				CLANG_WARN_EMPTY_BODY = YES;
				CLANG_WARN_ENUM_CONVERSION = YES;
				CLANG_WARN_INFINITE_RECURSION = YES;
				CLANG_WARN_INT_CONVERSION = YES;
				CLANG_WARN_NON_LITERAL_NULL_CONVERSION = YES;
				CLANG_WARN_OBJC_IMPLICIT_RETAIN_SELF = YES;
				CLANG_WARN_OBJC_LITERAL_CONVERSION = YES;
				CLANG_WARN_OBJC_ROOT_CLASS = YES_ERROR;
				CLANG_WARN_QUOTED_INCLUDE_IN_FRAMEWORK_HEADER = YES;
				CLANG_WARN_RANGE_LOOP_ANALYSIS = YES;
				CLANG_WARN_STRICT_PROTOTYPES = YES;
				CLANG_WARN_SUSPICIOUS_MOVE = YES;
				CLANG_WARN_UNGUARDED_AVAILABILITY = YES_AGGRESSIVE;
				CLANG_WARN_UNREACHABLE_CODE = YES;
				CLANG_WARN__DUPLICATE_METHOD_MATCH = YES;
				COPY_PHASE_STRIP = YES;
				DEBUG_INFORMATION_FORMAT = "dwarf-with-dsym";
				ENABLE_NS_ASSERTIONS = NO;
				ENABLE_STRICT_OBJC_MSGSEND = YES;
				FRAMEWORK_SEARCH_PATHS = (
					"$(inherited)",
					"$(PROJECT_DIR)/../shared/build/bin/iosSimulatorArm64/releaseFramework",
				);
				GCC_C_LANGUAGE_STANDARD = gnu11;
				GCC_NO_COMMON_BLOCKS = YES;
				GCC_OPTIMIZATION_LEVEL = s;
				GCC_PREPROCESSOR_DEFINITIONS = (
					"$(inherited)",
					"HEALTH_APP=1",
					"HIPAA_COMPLIANT=1",
				);
				GCC_WARN_64_TO_32_BIT_CONVERSION = YES;
				GCC_WARN_ABOUT_RETURN_TYPE = YES_ERROR;
				GCC_WARN_UNDECLARED_SELECTOR = YES;
				GCC_WARN_UNINITIALIZED_AUTOS = YES_AGGRESSIVE;
				GCC_WARN_UNUSED_FUNCTION = YES;
				GCC_WARN_UNUSED_VARIABLE = YES;
				IPHONEOS_DEPLOYMENT_TARGET = 15.0;
				MTL_ENABLE_DEBUG_INFO = NO;
				MTL_FAST_MATH = YES;
				ONLY_ACTIVE_ARCH = NO;
				SDKROOT = iphoneos;
				SWIFT_COMPILATION_MODE = wholemodule;
				SWIFT_OPTIMIZATION_LEVEL = "-O";
				VALIDATE_PRODUCT = YES;
			};
			name = Release;
		};
		7555FF90242A565B00829871 /* Debug */ = {
			isa = XCBuildConfiguration;
			buildSettings = {
				ASSETCATALOG_COMPILER_APPICON_NAME = AppIcon;
				CODE_SIGN_STYLE = Automatic;
				CURRENT_PROJECT_VERSION = 1;
				DEVELOPMENT_TEAM = 79M642HR68;
				ENABLE_BITCODE = NO;
				ENABLE_PREVIEWS = YES;
				"FRAMEWORK_SEARCH_PATHS[arch=*]" = "$(SRCROOT)/../shared/build/xcode-frameworks/$(CONFIGURATION)/**";
				INFOPLIST_FILE = iosApp/Info.plist;
				INFOPLIST_KEY_CFBundleDisplayName = Eunio;
				INFOPLIST_KEY_LSApplicationCategoryType = "public.app-category.healthcare-fitness";
				IPHONEOS_DEPLOYMENT_TARGET = 17.6;
				LD_RUNPATH_SEARCH_PATHS = (
					"$(inherited)",
					"@executable_path/Frameworks",
				);
				MARKETING_VERSION = 1.0.0;
				OTHER_LDFLAGS = (
					"$(inherited)",
					"-lsqlite3",
					"-framework",
					HealthKit,
					"-framework",
					CryptoKit,
				);
				PRODUCT_BUNDLE_IDENTIFIER = com.eunio.healthapp;
				PRODUCT_NAME = "Eunio Health";
				SWIFT_VERSION = 5.0;
				TARGETED_DEVICE_FAMILY = 1;
				VALIDATE_PRODUCT = NO;
			};
			name = Debug;
		};
		7555FF91242A565B00829871 /* Release */ = {
			isa = XCBuildConfiguration;
			buildSettings = {
				ASSETCATALOG_COMPILER_APPICON_NAME = AppIcon;
				CODE_SIGN_IDENTITY = "Apple Development";
				CODE_SIGN_STYLE = Automatic;
				COPY_PHASE_STRIP = YES;
				CURRENT_PROJECT_VERSION = 1;
				DEVELOPMENT_TEAM = 79M642HR68;
				ENABLE_BITCODE = NO;
				ENABLE_HARDENED_RUNTIME = YES;
				ENABLE_PREVIEWS = NO;
				"FRAMEWORK_SEARCH_PATHS[arch=*]" = "$(SRCROOT)/../shared/build/xcode-frameworks/$(CONFIGURATION)/$(PLATFORM_NAME)";
				INFOPLIST_FILE = iosApp/Info.plist;
				INFOPLIST_KEY_CFBundleDisplayName = Eunio;
				INFOPLIST_KEY_LSApplicationCategoryType = "public.app-category.healthcare-fitness";
				IPHONEOS_DEPLOYMENT_TARGET = 17.6;
				LD_RUNPATH_SEARCH_PATHS = (
					"$(inherited)",
					"@executable_path/Frameworks",
				);
				MARKETING_VERSION = 1.0.0;
				OTHER_LDFLAGS = (
					"$(inherited)",
					"-lsqlite3",
					"-framework",
					HealthKit,
					"-framework",
					CryptoKit,
				);
				PRODUCT_BUNDLE_IDENTIFIER = com.eunio.healthapp;
				PRODUCT_NAME = "Eunio Health";
				PROVISIONING_PROFILE_SPECIFIER = "";
				STRIP_INSTALLED_PRODUCT = YES;
				SWIFT_COMPILATION_MODE = wholemodule;
				SWIFT_OPTIMIZATION_LEVEL = "-O";
				SWIFT_VERSION = 5.0;
				TARGETED_DEVICE_FAMILY = 1;
				VALIDATE_PRODUCT = YES;
			};
			name = Release;
		};
/* End XCBuildConfiguration section */

/* Begin XCConfigurationList section */
		7555FF76242A565900829871 /* Build configuration list for PBXProject "iosApp" */ = {
			isa = XCConfigurationList;
			buildConfigurations = (
				7555FF8D242A565B00829871 /* Debug */,
				7555FF8E242A565B00829871 /* Release */,
			);
			defaultConfigurationIsVisible = 0;
			defaultConfigurationName = Release;
		};
		7555FF8F242A565B00829871 /* Build configuration list for PBXNativeTarget "iosApp" */ = {
			isa = XCConfigurationList;
			buildConfigurations = (
				7555FF90242A565B00829871 /* Debug */,
				7555FF91242A565B00829871 /* Release */,
			);
			defaultConfigurationIsVisible = 0;
			defaultConfigurationName = Release;
		};
/* End XCConfigurationList section */

/* Begin XCRemoteSwiftPackageReference section */
		47B8CBD52E91085D006C11B9 /* XCRemoteSwiftPackageReference "firebase-ios-sdk" */ = {
			isa = XCRemoteSwiftPackageReference;
			repositoryURL = "https://github.com/firebase/firebase-ios-sdk";
			requirement = {
				kind = upToNextMajorVersion;
				minimumVersion = 12.4.0;
			};
		};
/* End XCRemoteSwiftPackageReference section */

/* Begin XCSwiftPackageProductDependency section */
		47947C9A2E967D0C00E83F07 /* FirebasePerformance */ = {
			isa = XCSwiftPackageProductDependency;
			package = 47B8CBD52E91085D006C11B9 /* XCRemoteSwiftPackageReference "firebase-ios-sdk" */;
			productName = FirebasePerformance;
		};
		47AD6DD62E913C6100E65429 /* FirebaseCore */ = {
			isa = XCSwiftPackageProductDependency;
			package = 47B8CBD52E91085D006C11B9 /* XCRemoteSwiftPackageReference "firebase-ios-sdk" */;
			productName = FirebaseCore;
		};
		47B8CBD62E91085D006C11B9 /* FirebaseAI */ = {
			isa = XCSwiftPackageProductDependency;
			package = 47B8CBD52E91085D006C11B9 /* XCRemoteSwiftPackageReference "firebase-ios-sdk" */;
			productName = FirebaseAI;
		};
		47B8CBD82E91085D006C11B9 /* FirebaseAnalytics */ = {
			isa = XCSwiftPackageProductDependency;
			package = 47B8CBD52E91085D006C11B9 /* XCRemoteSwiftPackageReference "firebase-ios-sdk" */;
			productName = FirebaseAnalytics;
		};
		47B8CBDA2E91085D006C11B9 /* FirebaseAnalyticsCore */ = {
			isa = XCSwiftPackageProductDependency;
			package = 47B8CBD52E91085D006C11B9 /* XCRemoteSwiftPackageReference "firebase-ios-sdk" */;
			productName = FirebaseAnalyticsCore;
		};
		47B8CBDC2E91085D006C11B9 /* FirebaseAnalyticsIdentitySupport */ = {
			isa = XCSwiftPackageProductDependency;
			package = 47B8CBD52E91085D006C11B9 /* XCRemoteSwiftPackageReference "firebase-ios-sdk" */;
			productName = FirebaseAnalyticsIdentitySupport;
		};
		47B8CBDE2E91085D006C11B9 /* FirebaseAppCheck */ = {
			isa = XCSwiftPackageProductDependency;
			package = 47B8CBD52E91085D006C11B9 /* XCRemoteSwiftPackageReference "firebase-ios-sdk" */;
			productName = FirebaseAppCheck;
		};
		47B8CBE02E911027006C11B9 /* FirebaseAuth */ = {
			isa = XCSwiftPackageProductDependency;
			package = 47B8CBD52E91085D006C11B9 /* XCRemoteSwiftPackageReference "firebase-ios-sdk" */;
			productName = FirebaseAuth;
		};
		47B8CBE22E911027006C11B9 /* FirebaseFirestore */ = {
			isa = XCSwiftPackageProductDependency;
			package = 47B8CBD52E91085D006C11B9 /* XCRemoteSwiftPackageReference "firebase-ios-sdk" */;
			productName = FirebaseFirestore;
		};
		47F18B0D2E92F15D004AC447 /* FirebaseCrashlytics */ = {
			isa = XCSwiftPackageProductDependency;
			package = 47B8CBD52E91085D006C11B9 /* XCRemoteSwiftPackageReference "firebase-ios-sdk" */;
			productName = FirebaseCrashlytics;
		};
/* End XCSwiftPackageProductDependency section */
	};
	rootObject = 7555FF73242A565900829871 /* Project object */;
}
